
Microsoft Visual Studio Solution File, Format Version 12.00
# Visual Studio Version 16
VisualStudioVersion = 16.0.31205.134
MinimumVisualStudioVersion = 10.0.40219.1
Project("{FAE04EC0-301F-11D3-BF4B-00C04F79EFBC}") = "MvcMovie", "MvcMovie\MvcMovie.csproj", "{DAD263E8-FD82-4EC3-8C17-A0B55389D764}"
EndProject
Global
	GlobalSection(SolutionConfigurationPlatforms) = preSolution
		Debug|Any CPU = Debug|Any CPU
		Release|Any CPU = Release|Any CPU
	EndGlobalSection
	GlobalSection(ProjectConfigurationPlatforms) = postSolution
		{DAD263E8-FD82-4EC3-8C17-A0B55389D764}.Debug|Any CPU.ActiveCfg = Debug|Any CPU
		{DAD263E8-FD82-4EC3-8C17-A0B55389D764}.Debug|Any CPU.Build.0 = Debug|Any CPU
		{DAD263E8-FD82-4EC3-8C17-A0B55389D764}.Release|Any CPU.ActiveCfg = Release|Any CPU
		{DAD263E8-FD82-4EC3-8C17-A0B55389D764}.Release|Any CPU.Build.0 = Release|Any CPU
	EndGlobalSection
	GlobalSection(SolutionProperties) = preSolution
		HideSolutionNode = FALSE
	EndGlobalSection
	GlobalSection(ExtensibilityGlobals) = postSolution
		SolutionGuid = {7DA9B1EE-AD4F-412C-9549-41D1078B2D5C}
	EndGlobalSection
EndGlobal
